
Microsoft Visual Studio Solution File, Format Version 12.00
# Visual Studio 2013
VisualStudioVersion = 12.0.31101.0
MinimumVisualStudioVersion = 10.0.40219.1
Project("{FAE04EC0-301F-11D3-BF4B-00C04F79EFBC}") = "FluentMigrator.NHibernate", "FluentMigrator.NHibernate\FluentMigrator.NHibernate.csproj", "{734D84CE-7776-42CC-99E5-82E65301AE6A}"
EndProject
Project("{FAE04EC0-301F-11D3-BF4B-00C04F79EFBC}") = "FluentMigrator.NHibernate.Test", "Tests\EndToEnd\FluentMigrator.NHibernate.Test\FluentMigrator.NHibernate.Test.csproj", "{7F37F56F-0D8F-4163-9BDF-C6E4CBE68B00}"
EndProject
Project("{2150E333-8FDC-42A3-9474-1A3956D46DE8}") = "Tests", "Tests", "{4828728D-C3D3-43B1-B9DD-F75EC71D4C43}"
EndProject
Project("{2150E333-8FDC-42A3-9474-1A3956D46DE8}") = "EndToEnd", "EndToEnd", "{D1956157-9018-43A0-ACB8-0CB5872EA0AA}"
EndProject
Project("{2150E333-8FDC-42A3-9474-1A3956D46DE8}") = "Unit", "Unit", "{1FF70B24-AC47-49B2-B41B-6D860618067E}"
EndProject
Project("{FAE04EC0-301F-11D3-BF4B-00C04F79EFBC}") = "Engines.FluentMigrator.Tests", "Tests\EndToEnd\Engines.FluentMigrator.Tests\Engines.FluentMigrator.Tests.csproj", "{E69D13A1-C3DE-449C-AE7B-DC55D8C8CDA4}"
EndProject
Project("{FAE04EC0-301F-11D3-BF4B-00C04F79EFBC}") = "TestTarget.Firebird", "Tests\EndToEnd\TestTarget.Firebird\TestTarget.Firebird.csproj", "{5597F785-CFF5-44EC-8FD9-406A38D01BBA}"
EndProject
Project("{FAE04EC0-301F-11D3-BF4B-00C04F79EFBC}") = "TestTarget", "Tests\EndToEnd\TestTarget\TestTarget.csproj", "{32AA67AB-85BA-4D84-BF71-21AE38EE3D3B}"
EndProject
Project("{FAE04EC0-301F-11D3-BF4B-00C04F79EFBC}") = "NHibernate.Migrator.Tests.Entities", "Tests\NHibernate.Migrator.Tests.Entities\NHibernate.Migrator.Tests.Entities.csproj", "{9CB9B171-D923-41FD-B58E-066B1C40F4CD}"
EndProject
Project("{FAE04EC0-301F-11D3-BF4B-00C04F79EFBC}") = "NHibernate.Migrator.Engines.FluentMigrator", "NHibernate.Migrator\Engines\FluentMigrator\NHibernate.Migrator.Engines.FluentMigrator.csproj", "{89998428-78D9-4B2C-A3D5-A3A24C665D1E}"
EndProject
Project("{2150E333-8FDC-42A3-9474-1A3956D46DE8}") = "NHibernate.Migrator", "NHibernate.Migrator", "{3561A74F-B99E-4614-8AC0-C0D2BE9A1837}"
EndProject
Project("{2150E333-8FDC-42A3-9474-1A3956D46DE8}") = "Engines", "Engines", "{D2859A50-24E8-471E-AA7C-03B286365CAC}"
EndProject
Project("{FAE04EC0-301F-11D3-BF4B-00C04F79EFBC}") = "NHibernate.Migrator.Domain", "NHibernate.Migrator\Domain\NHibernate.Migrator.Domain\NHibernate.Migrator.Domain.csproj", "{7D5940E1-9BDC-48C9-8984-19B206A077C4}"
EndProject
Project("{2150E333-8FDC-42A3-9474-1A3956D46DE8}") = "Domain", "Domain", "{26A54693-3B49-4FF8-ACAA-A50CAEB19788}"
EndProject
Global
	GlobalSection(SolutionConfigurationPlatforms) = preSolution
		Debug|Any CPU = Debug|Any CPU
		Release|Any CPU = Release|Any CPU
	EndGlobalSection
	GlobalSection(ProjectConfigurationPlatforms) = postSolution
		{734D84CE-7776-42CC-99E5-82E65301AE6A}.Debug|Any CPU.ActiveCfg = Debug|Any CPU
		{734D84CE-7776-42CC-99E5-82E65301AE6A}.Debug|Any CPU.Build.0 = Debug|Any CPU
		{734D84CE-7776-42CC-99E5-82E65301AE6A}.Release|Any CPU.ActiveCfg = Release|Any CPU
		{734D84CE-7776-42CC-99E5-82E65301AE6A}.Release|Any CPU.Build.0 = Release|Any CPU
		{7F37F56F-0D8F-4163-9BDF-C6E4CBE68B00}.Debug|Any CPU.ActiveCfg = Debug|Any CPU
		{7F37F56F-0D8F-4163-9BDF-C6E4CBE68B00}.Debug|Any CPU.Build.0 = Debug|Any CPU
		{7F37F56F-0D8F-4163-9BDF-C6E4CBE68B00}.Release|Any CPU.ActiveCfg = Release|Any CPU
		{7F37F56F-0D8F-4163-9BDF-C6E4CBE68B00}.Release|Any CPU.Build.0 = Release|Any CPU
		{E69D13A1-C3DE-449C-AE7B-DC55D8C8CDA4}.Debug|Any CPU.ActiveCfg = Debug|Any CPU
		{E69D13A1-C3DE-449C-AE7B-DC55D8C8CDA4}.Debug|Any CPU.Build.0 = Debug|Any CPU
		{E69D13A1-C3DE-449C-AE7B-DC55D8C8CDA4}.Release|Any CPU.ActiveCfg = Release|Any CPU
		{E69D13A1-C3DE-449C-AE7B-DC55D8C8CDA4}.Release|Any CPU.Build.0 = Release|Any CPU
		{5597F785-CFF5-44EC-8FD9-406A38D01BBA}.Debug|Any CPU.ActiveCfg = Debug|Any CPU
		{5597F785-CFF5-44EC-8FD9-406A38D01BBA}.Debug|Any CPU.Build.0 = Debug|Any CPU
		{5597F785-CFF5-44EC-8FD9-406A38D01BBA}.Release|Any CPU.ActiveCfg = Release|Any CPU
		{5597F785-CFF5-44EC-8FD9-406A38D01BBA}.Release|Any CPU.Build.0 = Release|Any CPU
		{32AA67AB-85BA-4D84-BF71-21AE38EE3D3B}.Debug|Any CPU.ActiveCfg = Debug|Any CPU
		{32AA67AB-85BA-4D84-BF71-21AE38EE3D3B}.Debug|Any CPU.Build.0 = Debug|Any CPU
		{32AA67AB-85BA-4D84-BF71-21AE38EE3D3B}.Release|Any CPU.ActiveCfg = Release|Any CPU
		{32AA67AB-85BA-4D84-BF71-21AE38EE3D3B}.Release|Any CPU.Build.0 = Release|Any CPU
		{9CB9B171-D923-41FD-B58E-066B1C40F4CD}.Debug|Any CPU.ActiveCfg = Debug|Any CPU
		{9CB9B171-D923-41FD-B58E-066B1C40F4CD}.Debug|Any CPU.Build.0 = Debug|Any CPU
		{9CB9B171-D923-41FD-B58E-066B1C40F4CD}.Release|Any CPU.ActiveCfg = Release|Any CPU
		{9CB9B171-D923-41FD-B58E-066B1C40F4CD}.Release|Any CPU.Build.0 = Release|Any CPU
		{89998428-78D9-4B2C-A3D5-A3A24C665D1E}.Debug|Any CPU.ActiveCfg = Debug|Any CPU
		{89998428-78D9-4B2C-A3D5-A3A24C665D1E}.Debug|Any CPU.Build.0 = Debug|Any CPU
		{89998428-78D9-4B2C-A3D5-A3A24C665D1E}.Release|Any CPU.ActiveCfg = Release|Any CPU
		{89998428-78D9-4B2C-A3D5-A3A24C665D1E}.Release|Any CPU.Build.0 = Release|Any CPU
		{7D5940E1-9BDC-48C9-8984-19B206A077C4}.Debug|Any CPU.ActiveCfg = Debug|Any CPU
		{7D5940E1-9BDC-48C9-8984-19B206A077C4}.Debug|Any CPU.Build.0 = Debug|Any CPU
		{7D5940E1-9BDC-48C9-8984-19B206A077C4}.Release|Any CPU.ActiveCfg = Release|Any CPU
		{7D5940E1-9BDC-48C9-8984-19B206A077C4}.Release|Any CPU.Build.0 = Release|Any CPU
	EndGlobalSection
	GlobalSection(SolutionProperties) = preSolution
		HideSolutionNode = FALSE
	EndGlobalSection
	GlobalSection(NestedProjects) = preSolution
		{7F37F56F-0D8F-4163-9BDF-C6E4CBE68B00} = {D1956157-9018-43A0-ACB8-0CB5872EA0AA}
		{D1956157-9018-43A0-ACB8-0CB5872EA0AA} = {4828728D-C3D3-43B1-B9DD-F75EC71D4C43}
		{1FF70B24-AC47-49B2-B41B-6D860618067E} = {4828728D-C3D3-43B1-B9DD-F75EC71D4C43}
		{E69D13A1-C3DE-449C-AE7B-DC55D8C8CDA4} = {D1956157-9018-43A0-ACB8-0CB5872EA0AA}
		{5597F785-CFF5-44EC-8FD9-406A38D01BBA} = {D1956157-9018-43A0-ACB8-0CB5872EA0AA}
		{32AA67AB-85BA-4D84-BF71-21AE38EE3D3B} = {D1956157-9018-43A0-ACB8-0CB5872EA0AA}
		{9CB9B171-D923-41FD-B58E-066B1C40F4CD} = {4828728D-C3D3-43B1-B9DD-F75EC71D4C43}
		{89998428-78D9-4B2C-A3D5-A3A24C665D1E} = {D2859A50-24E8-471E-AA7C-03B286365CAC}
		{D2859A50-24E8-471E-AA7C-03B286365CAC} = {3561A74F-B99E-4614-8AC0-C0D2BE9A1837}
		{7D5940E1-9BDC-48C9-8984-19B206A077C4} = {26A54693-3B49-4FF8-ACAA-A50CAEB19788}
		{26A54693-3B49-4FF8-ACAA-A50CAEB19788} = {3561A74F-B99E-4614-8AC0-C0D2BE9A1837}
	EndGlobalSection
EndGlobal
